{
  "name": "promoguard-for-woocommerce",
  "version": "0.1.0-dev",
  "lockfileVersion": 3,
  "requires": true,
  "packages": {
    "": {
      "name": "promoguard-for-woocommerce",
      "version": "0.1.0-dev",
      "engines": {
        "node": ">=20 <25",
        "npm": ">=10"
      }
    }
  }
}
